
Microsoft Visual Studio Solution File, Format Version 12.00
# Visual Studio Version 16
VisualStudioVersion = 16.0.30204.135
MinimumVisualStudioVersion = 10.0.40219.1
Project("{8BC9CEB8-8B4A-11D0-8D11-00A0C91BC942}") = "TAD Hospital", "TAD Hospital\TAD Hospital.vcxproj", "{7569639E-4964-443C-9EFE-03D2534C3883}"
EndProject
Global
	GlobalSection(SolutionConfigurationPlatforms) = preSolution
		Debug|x64 = Debug|x64
		Debug|x86 = Debug|x86
		Release|x64 = Release|x64
		Release|x86 = Release|x86
	EndGlobalSection
	GlobalSection(ProjectConfigurationPlatforms) = postSolution
		{7569639E-4964-443C-9EFE-03D2534C3883}.Debug|x64.ActiveCfg = Debug|x64
		{7569639E-4964-443C-9EFE-03D2534C3883}.Debug|x64.Build.0 = Debug|x64
		{7569639E-4964-443C-9EFE-03D2534C3883}.Debug|x86.ActiveCfg = Debug|Win32
		{7569639E-4964-443C-9EFE-03D2534C3883}.Debug|x86.Build.0 = Debug|Win32
		{7569639E-4964-443C-9EFE-03D2534C3883}.Release|x64.ActiveCfg = Release|x64
		{7569639E-4964-443C-9EFE-03D2534C3883}.Release|x64.Build.0 = Release|x64
		{7569639E-4964-443C-9EFE-03D2534C3883}.Release|x86.ActiveCfg = Release|Win32
		{7569639E-4964-443C-9EFE-03D2534C3883}.Release|x86.Build.0 = Release|Win32
	EndGlobalSection
	GlobalSection(SolutionProperties) = preSolution
		HideSolutionNode = FALSE
	EndGlobalSection
	GlobalSection(ExtensibilityGlobals) = postSolution
		SolutionGuid = {57D2594C-32AB-4B4B-9BF1-876310C83F72}
	EndGlobalSection
EndGlobal
